
Microsoft Visual Studio Solution File, Format Version 12.00
# Visual Studio Version 16
VisualStudioVersion = 16.0.29319.158
MinimumVisualStudioVersion = 10.0.40219.1
Project("{FAE04EC0-301F-11D3-BF4B-00C04F79EFBC}") = "BRS_Hostel", "BRS_Hostel.csproj", "{7267DE94-0486-4A90-99CD-563EA7A449BF}"
EndProject
Global
	GlobalSection(SolutionConfigurationPlatforms) = preSolution
		Debug|Any CPU = Debug|Any CPU
		Release|Any CPU = Release|Any CPU
	EndGlobalSection
	GlobalSection(ProjectConfigurationPlatforms) = postSolution
		{7267DE94-0486-4A90-99CD-563EA7A449BF}.Debug|Any CPU.ActiveCfg = Debug|Any CPU
		{7267DE94-0486-4A90-99CD-563EA7A449BF}.Debug|Any CPU.Build.0 = Debug|Any CPU
		{7267DE94-0486-4A90-99CD-563EA7A449BF}.Release|Any CPU.ActiveCfg = Release|Any CPU
		{7267DE94-0486-4A90-99CD-563EA7A449BF}.Release|Any CPU.Build.0 = Release|Any CPU
	EndGlobalSection
	GlobalSection(SolutionProperties) = preSolution
		HideSolutionNode = FALSE
	EndGlobalSection
	GlobalSection(ExtensibilityGlobals) = postSolution
		SolutionGuid = {F97C4D48-D601-4624-AA3B-B927BA2E660D}
	EndGlobalSection
EndGlobal
